
Microsoft Visual Studio Solution File, Format Version 12.00
# Visual Studio Version 17
VisualStudioVersion = 17.3.32825.248
MinimumVisualStudioVersion = 10.0.40219.1
Project("{FAE04EC0-301F-11D3-BF4B-00C04F79EFBC}") = "Day03_Sept07", "Day03_Sept07\Day03_Sept07.csproj", "{B8D8D83A-80E7-4D5D-B31C-D4053D4C9165}"
EndProject
Global
	GlobalSection(SolutionConfigurationPlatforms) = preSolution
		Debug|Any CPU = Debug|Any CPU
		Release|Any CPU = Release|Any CPU
	EndGlobalSection
	GlobalSection(ProjectConfigurationPlatforms) = postSolution
		{B8D8D83A-80E7-4D5D-B31C-D4053D4C9165}.Debug|Any CPU.ActiveCfg = Debug|Any CPU
		{B8D8D83A-80E7-4D5D-B31C-D4053D4C9165}.Debug|Any CPU.Build.0 = Debug|Any CPU
		{B8D8D83A-80E7-4D5D-B31C-D4053D4C9165}.Release|Any CPU.ActiveCfg = Release|Any CPU
		{B8D8D83A-80E7-4D5D-B31C-D4053D4C9165}.Release|Any CPU.Build.0 = Release|Any CPU
	EndGlobalSection
	GlobalSection(SolutionProperties) = preSolution
		HideSolutionNode = FALSE
	EndGlobalSection
	GlobalSection(ExtensibilityGlobals) = postSolution
		SolutionGuid = {8CC52816-1C28-440B-B137-51A191A4689B}
	EndGlobalSection
EndGlobal
